
Microsoft Visual Studio Solution File, Format Version 12.00
# Visual Studio Version 17
VisualStudioVersion = 17.2.32526.322
MinimumVisualStudioVersion = 10.0.40219.1
Project("{9A19103F-16F7-4668-BE54-9A1E7A4F7556}") = "FizBuz", "FizBuz\FizBuz.csproj", "{FBC27792-13E4-4BF1-8D7C-E8F5D8D4D847}"
EndProject
Project("{9A19103F-16F7-4668-BE54-9A1E7A4F7556}") = "FizBuz.Tests", "FizBuz.Tests\FizBuz.Tests.csproj", "{41D3A472-ACFC-493D-8882-8A63069047F0}"
EndProject
Project("{9A19103F-16F7-4668-BE54-9A1E7A4F7556}") = "Runner", "Runner\Runner.csproj", "{06AAA071-8D0D-417B-A7BF-3A73E7039856}"
EndProject
Global
	GlobalSection(SolutionConfigurationPlatforms) = preSolution
		Debug|Any CPU = Debug|Any CPU
		Release|Any CPU = Release|Any CPU
	EndGlobalSection
	GlobalSection(ProjectConfigurationPlatforms) = postSolution
		{FBC27792-13E4-4BF1-8D7C-E8F5D8D4D847}.Debug|Any CPU.ActiveCfg = Debug|Any CPU
		{FBC27792-13E4-4BF1-8D7C-E8F5D8D4D847}.Debug|Any CPU.Build.0 = Debug|Any CPU
		{FBC27792-13E4-4BF1-8D7C-E8F5D8D4D847}.Release|Any CPU.ActiveCfg = Release|Any CPU
		{FBC27792-13E4-4BF1-8D7C-E8F5D8D4D847}.Release|Any CPU.Build.0 = Release|Any CPU
		{41D3A472-ACFC-493D-8882-8A63069047F0}.Debug|Any CPU.ActiveCfg = Debug|Any CPU
		{41D3A472-ACFC-493D-8882-8A63069047F0}.Debug|Any CPU.Build.0 = Debug|Any CPU
		{41D3A472-ACFC-493D-8882-8A63069047F0}.Release|Any CPU.ActiveCfg = Release|Any CPU
		{41D3A472-ACFC-493D-8882-8A63069047F0}.Release|Any CPU.Build.0 = Release|Any CPU
		{06AAA071-8D0D-417B-A7BF-3A73E7039856}.Debug|Any CPU.ActiveCfg = Debug|Any CPU
		{06AAA071-8D0D-417B-A7BF-3A73E7039856}.Debug|Any CPU.Build.0 = Debug|Any CPU
		{06AAA071-8D0D-417B-A7BF-3A73E7039856}.Release|Any CPU.ActiveCfg = Release|Any CPU
		{06AAA071-8D0D-417B-A7BF-3A73E7039856}.Release|Any CPU.Build.0 = Release|Any CPU
	EndGlobalSection
	GlobalSection(SolutionProperties) = preSolution
		HideSolutionNode = FALSE
	EndGlobalSection
	GlobalSection(ExtensibilityGlobals) = postSolution
		SolutionGuid = {D1EE4872-6038-4152-AA0B-415A887025B1}
	EndGlobalSection
EndGlobal
